
Microsoft Visual Studio Solution File, Format Version 12.00
# Visual Studio Version 17
VisualStudioVersion = 17.8.34511.84
MinimumVisualStudioVersion = 10.0.40219.1
Project("{FAE04EC0-301F-11D3-BF4B-00C04F79EFBC}") = "Lab01-01", "Lab01-01\Lab01-01.csproj", "{A6ACFD23-7F74-4CF4-BB41-B30A2B02F537}"
EndProject
Project("{FAE04EC0-301F-11D3-BF4B-00C04F79EFBC}") = "Lap01-02", "Lap01-02\Lap01-02.csproj", "{C63A3EDD-0320-44C0-BF44-BE72F1C5F82B}"
EndProject
Project("{FAE04EC0-301F-11D3-BF4B-00C04F79EFBC}") = "Lap01-03", "Lap01-03\Lap01-03.csproj", "{55DBFE89-E733-47D7-8E2B-0D18BEAC49A6}"
EndProject
Global
	GlobalSection(SolutionConfigurationPlatforms) = preSolution
		Debug|Any CPU = Debug|Any CPU
		Release|Any CPU = Release|Any CPU
	EndGlobalSection
	GlobalSection(ProjectConfigurationPlatforms) = postSolution
		{A6ACFD23-7F74-4CF4-BB41-B30A2B02F537}.Debug|Any CPU.ActiveCfg = Debug|Any CPU
		{A6ACFD23-7F74-4CF4-BB41-B30A2B02F537}.Debug|Any CPU.Build.0 = Debug|Any CPU
		{A6ACFD23-7F74-4CF4-BB41-B30A2B02F537}.Release|Any CPU.ActiveCfg = Release|Any CPU
		{A6ACFD23-7F74-4CF4-BB41-B30A2B02F537}.Release|Any CPU.Build.0 = Release|Any CPU
		{C63A3EDD-0320-44C0-BF44-BE72F1C5F82B}.Debug|Any CPU.ActiveCfg = Debug|Any CPU
		{C63A3EDD-0320-44C0-BF44-BE72F1C5F82B}.Debug|Any CPU.Build.0 = Debug|Any CPU
		{C63A3EDD-0320-44C0-BF44-BE72F1C5F82B}.Release|Any CPU.ActiveCfg = Release|Any CPU
		{C63A3EDD-0320-44C0-BF44-BE72F1C5F82B}.Release|Any CPU.Build.0 = Release|Any CPU
		{55DBFE89-E733-47D7-8E2B-0D18BEAC49A6}.Debug|Any CPU.ActiveCfg = Debug|Any CPU
		{55DBFE89-E733-47D7-8E2B-0D18BEAC49A6}.Debug|Any CPU.Build.0 = Debug|Any CPU
		{55DBFE89-E733-47D7-8E2B-0D18BEAC49A6}.Release|Any CPU.ActiveCfg = Release|Any CPU
		{55DBFE89-E733-47D7-8E2B-0D18BEAC49A6}.Release|Any CPU.Build.0 = Release|Any CPU
	EndGlobalSection
	GlobalSection(SolutionProperties) = preSolution
		HideSolutionNode = FALSE
	EndGlobalSection
	GlobalSection(ExtensibilityGlobals) = postSolution
		SolutionGuid = {5F5EACFA-868C-4795-98E9-FE7D6F34C558}
	EndGlobalSection
EndGlobal
